
Microsoft Visual Studio Solution File, Format Version 12.00
# Visual Studio 15
VisualStudioVersion = 15.0.28010.2036
MinimumVisualStudioVersion = 10.0.40219.1
Project("{9A19103F-16F7-4668-BE54-9A1E7A4F7556}") = "Allegro.Template.Api", "Allegro.Template.Api\Allegro.Template.Api.csproj", "{1FF3A5CB-2910-4493-B5E3-EDF4D067556C}"
EndProject
Project("{FAE04EC0-301F-11D3-BF4B-00C04F79EFBC}") = "Allegro.Template.Data", "Allegro.Template.Data\Allegro.Template.Data.csproj", "{023E2A76-7E92-4BC7-8DB6-1F8E6FD3FBF5}"
EndProject
Project("{9A19103F-16F7-4668-BE54-9A1E7A4F7556}") = "Allegro.Template.Controller", "Allegro.Template.Controller\Allegro.Template.Controller.csproj", "{F3AF7234-3224-43A4-A6F4-45D8B72C6ECD}"
EndProject
Project("{9A19103F-16F7-4668-BE54-9A1E7A4F7556}") = "Allegro.Template.Contract", "Allegro.Template.Contract\Allegro.Template.Contract.csproj", "{69BEDD66-2C43-4995-97AA-A56318E448C2}"
EndProject
Project("{9A19103F-16F7-4668-BE54-9A1E7A4F7556}") = "Allegro.Template.Domain", "Allegro.Template.Domain\Allegro.Template.Domain.csproj", "{B0150506-6172-45D7-8C8B-7E6BCE0F2C2E}"
EndProject
Global
	GlobalSection(SolutionConfigurationPlatforms) = preSolution
		Debug|Any CPU = Debug|Any CPU
		Release|Any CPU = Release|Any CPU
	EndGlobalSection
	GlobalSection(ProjectConfigurationPlatforms) = postSolution
		{1FF3A5CB-2910-4493-B5E3-EDF4D067556C}.Debug|Any CPU.ActiveCfg = Debug|Any CPU
		{1FF3A5CB-2910-4493-B5E3-EDF4D067556C}.Debug|Any CPU.Build.0 = Debug|Any CPU
		{1FF3A5CB-2910-4493-B5E3-EDF4D067556C}.Release|Any CPU.ActiveCfg = Release|Any CPU
		{1FF3A5CB-2910-4493-B5E3-EDF4D067556C}.Release|Any CPU.Build.0 = Release|Any CPU
		{023E2A76-7E92-4BC7-8DB6-1F8E6FD3FBF5}.Debug|Any CPU.ActiveCfg = Debug|Any CPU
		{023E2A76-7E92-4BC7-8DB6-1F8E6FD3FBF5}.Debug|Any CPU.Build.0 = Debug|Any CPU
		{023E2A76-7E92-4BC7-8DB6-1F8E6FD3FBF5}.Release|Any CPU.ActiveCfg = Release|Any CPU
		{023E2A76-7E92-4BC7-8DB6-1F8E6FD3FBF5}.Release|Any CPU.Build.0 = Release|Any CPU
		{F3AF7234-3224-43A4-A6F4-45D8B72C6ECD}.Debug|Any CPU.ActiveCfg = Debug|Any CPU
		{F3AF7234-3224-43A4-A6F4-45D8B72C6ECD}.Debug|Any CPU.Build.0 = Debug|Any CPU
		{F3AF7234-3224-43A4-A6F4-45D8B72C6ECD}.Release|Any CPU.ActiveCfg = Release|Any CPU
		{F3AF7234-3224-43A4-A6F4-45D8B72C6ECD}.Release|Any CPU.Build.0 = Release|Any CPU
		{69BEDD66-2C43-4995-97AA-A56318E448C2}.Debug|Any CPU.ActiveCfg = Debug|Any CPU
		{69BEDD66-2C43-4995-97AA-A56318E448C2}.Debug|Any CPU.Build.0 = Debug|Any CPU
		{69BEDD66-2C43-4995-97AA-A56318E448C2}.Release|Any CPU.ActiveCfg = Release|Any CPU
		{69BEDD66-2C43-4995-97AA-A56318E448C2}.Release|Any CPU.Build.0 = Release|Any CPU
		{B0150506-6172-45D7-8C8B-7E6BCE0F2C2E}.Debug|Any CPU.ActiveCfg = Debug|Any CPU
		{B0150506-6172-45D7-8C8B-7E6BCE0F2C2E}.Debug|Any CPU.Build.0 = Debug|Any CPU
		{B0150506-6172-45D7-8C8B-7E6BCE0F2C2E}.Release|Any CPU.ActiveCfg = Release|Any CPU
		{B0150506-6172-45D7-8C8B-7E6BCE0F2C2E}.Release|Any CPU.Build.0 = Release|Any CPU
	EndGlobalSection
	GlobalSection(SolutionProperties) = preSolution
		HideSolutionNode = FALSE
	EndGlobalSection
	GlobalSection(ExtensibilityGlobals) = postSolution
		SolutionGuid = {133BB36E-AC1F-4BD3-BD4E-AD0DD0488C68}
	EndGlobalSection
EndGlobal
